
Microsoft Visual Studio Solution File, Format Version 12.00
# Visual Studio 15
VisualStudioVersion = 15.0.26124.0
MinimumVisualStudioVersion = 15.0.26124.0
Project("{FAE04EC0-301F-11D3-BF4B-00C04F79EFBC}") = "ConsoleApp", "src\ConsoleApp\ConsoleApp.csproj", "{CDAAF333-C032-4693-A68D-75944B0D0505}"
EndProject
Project("{2150E333-8FDC-42A3-9474-1A3956D46DE8}") = "0 - Solution Items", "0 - Solution Items", "{E1E9EA8C-9901-47A6-9248-E2F678D6AD4F}"
ProjectSection(SolutionItems) = preProject
	README.md = README.md
EndProjectSection
EndProject
Project("{2150E333-8FDC-42A3-9474-1A3956D46DE8}") = "1 - Console", "Console", "{4552C4E1-26EF-4CCA-83F7-EFFA7432B121}"
EndProject
Global
	GlobalSection(SolutionConfigurationPlatforms) = preSolution
		Debug|Any CPU = Debug|Any CPU
		Debug|x64 = Debug|x64
		Debug|x86 = Debug|x86
		Release|Any CPU = Release|Any CPU
		Release|x64 = Release|x64
		Release|x86 = Release|x86
	EndGlobalSection
	GlobalSection(SolutionProperties) = preSolution
		HideSolutionNode = FALSE
	EndGlobalSection
	GlobalSection(ProjectConfigurationPlatforms) = postSolution
		{CDAAF333-C032-4693-A68D-75944B0D0505}.Debug|Any CPU.ActiveCfg = Debug|Any CPU
		{CDAAF333-C032-4693-A68D-75944B0D0505}.Debug|Any CPU.Build.0 = Debug|Any CPU
		{CDAAF333-C032-4693-A68D-75944B0D0505}.Debug|x64.ActiveCfg = Debug|Any CPU
		{CDAAF333-C032-4693-A68D-75944B0D0505}.Debug|x64.Build.0 = Debug|Any CPU
		{CDAAF333-C032-4693-A68D-75944B0D0505}.Debug|x86.ActiveCfg = Debug|Any CPU
		{CDAAF333-C032-4693-A68D-75944B0D0505}.Debug|x86.Build.0 = Debug|Any CPU
		{CDAAF333-C032-4693-A68D-75944B0D0505}.Release|Any CPU.ActiveCfg = Release|Any CPU
		{CDAAF333-C032-4693-A68D-75944B0D0505}.Release|Any CPU.Build.0 = Release|Any CPU
		{CDAAF333-C032-4693-A68D-75944B0D0505}.Release|x64.ActiveCfg = Release|Any CPU
		{CDAAF333-C032-4693-A68D-75944B0D0505}.Release|x64.Build.0 = Release|Any CPU
		{CDAAF333-C032-4693-A68D-75944B0D0505}.Release|x86.ActiveCfg = Release|Any CPU
		{CDAAF333-C032-4693-A68D-75944B0D0505}.Release|x86.Build.0 = Release|Any CPU
	EndGlobalSection
	GlobalSection(NestedProjects) = preSolution
		{CDAAF333-C032-4693-A68D-75944B0D0505} = {4552C4E1-26EF-4CCA-83F7-EFFA7432B121}
	EndGlobalSection
EndGlobal
